
Microsoft Visual Studio Solution File, Format Version 12.00
# Visual Studio Version 17
VisualStudioVersion = 17.13.35931.197 d17.13
MinimumVisualStudioVersion = 10.0.40219.1
Project("{54A90642-561A-4BB1-A94E-469ADEE60C69}") = "remake.client", "remake.client\remake.client.esproj", "{68DB294D-9960-446D-FAFA-B64ECAE074E3}"
EndProject
Project("{FAE04EC0-301F-11D3-BF4B-00C04F79EFBC}") = "remake.Server", "remake.Server\remake.Server.csproj", "{9763F8EB-36F7-4290-AF12-FCC3CE915661}"
EndProject
Global
	GlobalSection(SolutionConfigurationPlatforms) = preSolution
		Debug|Any CPU = Debug|Any CPU
		Release|Any CPU = Release|Any CPU
	EndGlobalSection
	GlobalSection(ProjectConfigurationPlatforms) = postSolution
		{68DB294D-9960-446D-FAFA-B64ECAE074E3}.Debug|Any CPU.ActiveCfg = Debug|Any CPU
		{68DB294D-9960-446D-FAFA-B64ECAE074E3}.Debug|Any CPU.Build.0 = Debug|Any CPU
		{68DB294D-9960-446D-FAFA-B64ECAE074E3}.Debug|Any CPU.Deploy.0 = Debug|Any CPU
		{68DB294D-9960-446D-FAFA-B64ECAE074E3}.Release|Any CPU.ActiveCfg = Release|Any CPU
		{68DB294D-9960-446D-FAFA-B64ECAE074E3}.Release|Any CPU.Build.0 = Release|Any CPU
		{68DB294D-9960-446D-FAFA-B64ECAE074E3}.Release|Any CPU.Deploy.0 = Release|Any CPU
		{9763F8EB-36F7-4290-AF12-FCC3CE915661}.Debug|Any CPU.ActiveCfg = Debug|Any CPU
		{9763F8EB-36F7-4290-AF12-FCC3CE915661}.Debug|Any CPU.Build.0 = Debug|Any CPU
		{9763F8EB-36F7-4290-AF12-FCC3CE915661}.Release|Any CPU.ActiveCfg = Release|Any CPU
		{9763F8EB-36F7-4290-AF12-FCC3CE915661}.Release|Any CPU.Build.0 = Release|Any CPU
	EndGlobalSection
	GlobalSection(SolutionProperties) = preSolution
		HideSolutionNode = FALSE
	EndGlobalSection
	GlobalSection(ExtensibilityGlobals) = postSolution
		SolutionGuid = {180F606B-16E2-4F35-A674-DC9039E13AF6}
	EndGlobalSection
EndGlobal
